<Solution>
  <Folder Name="/docs/">
    <File Path="docs/api_prompt.md" />
    <File Path="docs/claude_isntall.md" />
    <File Path="docs/worker_prompt.md" />
    <File Path="docs/standards.md" />
    <File Path="docs/structure.md" />
  </Folder>
  <Folder Name="/Solution Items/">
    <File Path=".dockerignore" />
    <File Path=".gitignore" />
    <File Path="deploy/docker/docker-compose.yml" />
  </Folder>
  <Folder Name="/src/Common/" />
  <Folder Name="/src/Core/">
    <Project Path="src/Core/Domain/CleanAPIDemo.Domain.csproj" />
    <Project Path="src/Core/Application/CleanAPIDemo.Application.csproj" />
  </Folder>
  <Folder Name="/src/Infrastructure/">
    <Project Path="src/Infrastructure/Persistence/CleanAPIDemo.Infrastructure.csproj" />
  </Folder>
  <Folder Name="/src/Presentation/">
    <Project Path="src/Presentation/Public.Api/CleanAPIDemo.API.csproj" />
    <Project Path="src/Presentation/Workers/ReportWorker/CleanAPIDemo.Worker.csproj" />
  </Folder>
  <Folder Name="/tests/Unit/">
    <Project Path="tests/Unit/CleanAPIDemo.Application.Tests/CleanAPIDemo.Application.Tests.csproj" />
    <Project Path="tests/Unit/CleanAPIDemo.Worker.Tests/CleanAPIDemo.Worker.Tests.csproj" />
  </Folder>
  <Folder Name="/tests/Integration/" />
  <Folder Name="/tests/Benchmarks/">
    <Project Path="tests/Benchmarks/CleanAPIDemo.Benchmarks/CleanAPIDemo.Benchmarks.csproj" />
  </Folder>
  <Folder Name="/deploy/">
    <File Path="deploy/docker/docker-compose.yml" />
  </Folder>
</Solution>
