<Solution>
  <Folder Name="/deploy/docker/">
    <File Path="deploy/docker/docker-compose.yml" />
  </Folder>
  <Folder Name="/deploy/ngnix/">
    <File Path="DockerFile" />
    <File Path="nginx.dev.conf" />
  </Folder>
  <Folder Name="/docs/">
    <File Path="docs/api_prompt.md" />
    <File Path="docs/claude_isntall.md" />
    <File Path="docs/worker_prompt.md" />
    <File Path="docs/standards.md" />
    <File Path="docs/structure.md" />
    <File Path="docs/topics_to_read.md" />
  </Folder>
  <Folder Name="/Solution Items/">
    <File Path=".dockerignore" />
    <File Path=".gitignore" />
  </Folder>
  <Folder Name="/src/" />
  <Folder Name="/src/Common/" />
  <Folder Name="/src/Common/Constants/">
    <File Path="src/Common/Constants/ApiConstants.cs" />
    <File Path="src/Common/Constants/ErrorCodes.cs" />
    <File Path="src/Common/Constants/ValidationConstants.cs" />
  </Folder>
  <Folder Name="/src/Common/Extensions/">
    <File Path="src/Common/Extensions/StringExtensions.cs" />
  </Folder>
  <Folder Name="/src/Core/">
    <Project Path="src/Core/Application/CleanAPIDemo.Application.csproj" />
    <Project Path="src/Core/Domain/CleanAPIDemo.Domain.csproj" />
  </Folder>
  <Folder Name="/src/Infrastructure/" />
  <Folder Name="/src/Infrastructure/ExternalClients/">
    <File Path="SomeClientRepository.cs" />
  </Folder>
  <Folder Name="/src/Infrastructure/Messaging/">
    <File Path="SomeMessagingRepository.cs" />
  </Folder>
  <Folder Name="/src/Infrastructure/Persistance/">
    <Project Path="src/Infrastructure/Persistence/CleanAPIDemo.Infrastructure.csproj" />
  </Folder>
  <Folder Name="/src/Presentation/">
    <Project Path="src/Presentation/Public.Api/CleanAPIDemo.API.csproj" />
    <Project Path="src/Presentation/Workers/ReportWorker/CleanAPIDemo.Worker.csproj" />
  </Folder>
  <Folder Name="/tests/Unit/">
    <Project Path="tests/Unit/CleanAPIDemo.Application.Tests/CleanAPIDemo.Application.Tests.csproj" />
    <Project Path="tests/Unit/CleanAPIDemo.Worker.Tests/CleanAPIDemo.Worker.Tests.csproj" />
  </Folder>
  <Folder Name="/tests/Integration/" />
  <Folder Name="/tests/" />
  <Folder Name="/tests/Benchmarks/">
    <Project Path="tests/Benchmarks/CleanAPIDemo.Benchmarks/CleanAPIDemo.Benchmarks.csproj" />
  </Folder>
  <Folder Name="/deploy/" />
</Solution>
